
Microsoft Visual Studio Solution File, Format Version 12.00
# Visual Studio 14
VisualStudioVersion = 14.0.25420.1
MinimumVisualStudioVersion = 10.0.40219.1
Project("{2150E333-8FDC-42A3-9474-1A3956D46DE8}") = "Solution Items", "Solution Items", "{E2072E30-7347-44E0-8374-3CB35393C65D}"
	ProjectSection(SolutionItems) = preProject
		global.json = global.json
	EndProjectSection
EndProject
Project("{2150E333-8FDC-42A3-9474-1A3956D46DE8}") = "BoudingContexts", "BoudingContexts", "{937A33A0-1EAB-4BD3-B0C1-D0F43369CE3C}"
EndProject
Project("{2150E333-8FDC-42A3-9474-1A3956D46DE8}") = "Shared", "Shared", "{BB93A63C-70D2-47AE-A291-74A334C4EA33}"
EndProject
Project("{2150E333-8FDC-42A3-9474-1A3956D46DE8}") = "Authentication", "Authentication", "{82F40CAE-020C-473B-8FCE-A8F1AC97FA03}"
EndProject
Project("{2150E333-8FDC-42A3-9474-1A3956D46DE8}") = "HttpGateway", "HttpGateway", "{12F1ABC5-CCC8-418F-9783-D9E4E8B47B00}"
EndProject
Project("{8BB2217D-0F2D-49D1-97BC-3654ED321F3B}") = "AuthenticationApp", "Microservices\Authentication\AuthenticationApp\AuthenticationApp.xproj", "{35274730-6DE4-418F-95FA-6D0897E39034}"
EndProject
Project("{8BB2217D-0F2D-49D1-97BC-3654ED321F3B}") = "HttpGatewayApp", "Microservices\HttpGateway\HttpGatewayApp\HttpGatewayApp.xproj", "{8B42D4E6-316B-4B57-8096-7A27FA926F6B}"
EndProject
Project("{2150E333-8FDC-42A3-9474-1A3956D46DE8}") = "Tests", "Tests", "{CB5A38F0-4881-426B-9094-88F1A5D3D996}"
EndProject
Project("{2150E333-8FDC-42A3-9474-1A3956D46DE8}") = "BoundingContexts", "BoundingContexts", "{CE43B356-A87A-45FE-A81F-4D4146B6E7AA}"
EndProject
Project("{2150E333-8FDC-42A3-9474-1A3956D46DE8}") = "Authentication", "Authentication", "{69E3F61B-D869-4FF0-A005-6E8B2F5FCDFC}"
EndProject
Project("{8BB2217D-0F2D-49D1-97BC-3654ED321F3B}") = "AuthenticationApp.Tests", "Tests\BoundingContexts\Authentication\AuthenticationApp.Tests\AuthenticationApp.Tests.xproj", "{8E7FF465-2F14-4D70-BB1B-8A276025E32B}"
EndProject
Project("{2150E333-8FDC-42A3-9474-1A3956D46DE8}") = "DDD", "DDD", "{140977B1-9BF4-49AB-9172-93570E38038B}"
EndProject
Project("{8BB2217D-0F2D-49D1-97BC-3654ED321F3B}") = "Authentication.Application", "Microservices\Authentication\Authentication.Application\Authentication.Application.xproj", "{39B83734-AFE5-4F7B-BA66-CFD1C2574CD7}"
EndProject
Project("{8BB2217D-0F2D-49D1-97BC-3654ED321F3B}") = "Authentication.Domain", "Microservices\Authentication\Authentication.Domain\Authentication.Domain.xproj", "{A5F13B89-91C5-4E8A-881F-37ACA27A6A4D}"
EndProject
Project("{8BB2217D-0F2D-49D1-97BC-3654ED321F3B}") = "DDD.Domain", "DDD\DDD.Domain\DDD.Domain.xproj", "{40E6A87E-FB97-46C4-8A35-CF0BED50CDF3}"
EndProject
Project("{8BB2217D-0F2D-49D1-97BC-3654ED321F3B}") = "Shared.Configuration", "Shared\Shared.Configuration\Shared.Configuration.xproj", "{A8D3EF47-7FBA-48D9-A07C-9173AC205FAD}"
EndProject
Project("{8BB2217D-0F2D-49D1-97BC-3654ED321F3B}") = "Shared.EventStore", "Shared\Shared.EventStore\Shared.EventStore.xproj", "{A436480C-B9CC-441D-9EAF-D944C08BC09F}"
EndProject
Project("{8BB2217D-0F2D-49D1-97BC-3654ED321F3B}") = "Shared.Logging", "Shared\Shared.Logging\Shared.Logging.xproj", "{D581579F-884C-47A0-9EA0-043FB8209BC8}"
EndProject
Project("{8BB2217D-0F2D-49D1-97BC-3654ED321F3B}") = "Shared.Microservice", "Shared\Shared.Microservice\Shared.Microservice.xproj", "{77F73503-16D0-4771-8564-640A0619F150}"
EndProject
Project("{8BB2217D-0F2D-49D1-97BC-3654ED321F3B}") = "Shared.Mongo", "Shared\Shared.Mongo\Shared.Mongo.xproj", "{BE547581-3CCE-4F8C-BD67-F148EFE7953C}"
EndProject
Project("{8BB2217D-0F2D-49D1-97BC-3654ED321F3B}") = "Shared.Rest", "Shared\Shared.Rest\Shared.Rest.xproj", "{A003FD11-5E55-4F1B-8A42-2FFC26AE1252}"
EndProject
Project("{8BB2217D-0F2D-49D1-97BC-3654ED321F3B}") = "Shared.Timing", "Shared\Shared.Timing\Shared.Timing.xproj", "{37ED709C-12B3-4880-9F0A-5704C9CC7223}"
EndProject
Project("{8BB2217D-0F2D-49D1-97BC-3654ED321F3B}") = "Authentication.Application.Tests", "Tests\BoundingContexts\Authentication\Authentication.Application.Tests\Authentication.Application.Tests.xproj", "{0AD43565-3A02-4FE1-A0CC-54B88DDB6B66}"
EndProject
Project("{8BB2217D-0F2D-49D1-97BC-3654ED321F3B}") = "Authentication.Infrastructure", "Microservices\Authentication\Authentication.Infrastructure\Authentication.Infrastructure.xproj", "{E4BA5995-E94A-416A-B82A-BB1C4AB2F2E0}"
EndProject
Project("{8BB2217D-0F2D-49D1-97BC-3654ED321F3B}") = "Shared.Observing", "Shared\Shared.Observing\Shared.Observing.xproj", "{525F5FBD-30CA-4617-B614-91EC6089E60B}"
EndProject
Project("{8BB2217D-0F2D-49D1-97BC-3654ED321F3B}") = "Shared.EventSourcing", "Shared\Shared.EventSourcing\Shared.EventSourcing.xproj", "{03545A32-70E9-4453-AAAC-C25AF8BBF86B}"
EndProject
Global
	GlobalSection(SolutionConfigurationPlatforms) = preSolution
		Debug|Any CPU = Debug|Any CPU
		Release|Any CPU = Release|Any CPU
	EndGlobalSection
	GlobalSection(ProjectConfigurationPlatforms) = postSolution
		{35274730-6DE4-418F-95FA-6D0897E39034}.Debug|Any CPU.ActiveCfg = Debug|Any CPU
		{35274730-6DE4-418F-95FA-6D0897E39034}.Debug|Any CPU.Build.0 = Debug|Any CPU
		{35274730-6DE4-418F-95FA-6D0897E39034}.Release|Any CPU.ActiveCfg = Release|Any CPU
		{35274730-6DE4-418F-95FA-6D0897E39034}.Release|Any CPU.Build.0 = Release|Any CPU
		{8B42D4E6-316B-4B57-8096-7A27FA926F6B}.Debug|Any CPU.ActiveCfg = Debug|Any CPU
		{8B42D4E6-316B-4B57-8096-7A27FA926F6B}.Debug|Any CPU.Build.0 = Debug|Any CPU
		{8B42D4E6-316B-4B57-8096-7A27FA926F6B}.Release|Any CPU.ActiveCfg = Release|Any CPU
		{8B42D4E6-316B-4B57-8096-7A27FA926F6B}.Release|Any CPU.Build.0 = Release|Any CPU
		{8E7FF465-2F14-4D70-BB1B-8A276025E32B}.Debug|Any CPU.ActiveCfg = Debug|Any CPU
		{8E7FF465-2F14-4D70-BB1B-8A276025E32B}.Debug|Any CPU.Build.0 = Debug|Any CPU
		{8E7FF465-2F14-4D70-BB1B-8A276025E32B}.Release|Any CPU.ActiveCfg = Release|Any CPU
		{8E7FF465-2F14-4D70-BB1B-8A276025E32B}.Release|Any CPU.Build.0 = Release|Any CPU
		{39B83734-AFE5-4F7B-BA66-CFD1C2574CD7}.Debug|Any CPU.ActiveCfg = Debug|Any CPU
		{39B83734-AFE5-4F7B-BA66-CFD1C2574CD7}.Debug|Any CPU.Build.0 = Debug|Any CPU
		{39B83734-AFE5-4F7B-BA66-CFD1C2574CD7}.Release|Any CPU.ActiveCfg = Release|Any CPU
		{39B83734-AFE5-4F7B-BA66-CFD1C2574CD7}.Release|Any CPU.Build.0 = Release|Any CPU
		{A5F13B89-91C5-4E8A-881F-37ACA27A6A4D}.Debug|Any CPU.ActiveCfg = Debug|Any CPU
		{A5F13B89-91C5-4E8A-881F-37ACA27A6A4D}.Debug|Any CPU.Build.0 = Debug|Any CPU
		{A5F13B89-91C5-4E8A-881F-37ACA27A6A4D}.Release|Any CPU.ActiveCfg = Release|Any CPU
		{A5F13B89-91C5-4E8A-881F-37ACA27A6A4D}.Release|Any CPU.Build.0 = Release|Any CPU
		{40E6A87E-FB97-46C4-8A35-CF0BED50CDF3}.Debug|Any CPU.ActiveCfg = Debug|Any CPU
		{40E6A87E-FB97-46C4-8A35-CF0BED50CDF3}.Debug|Any CPU.Build.0 = Debug|Any CPU
		{40E6A87E-FB97-46C4-8A35-CF0BED50CDF3}.Release|Any CPU.ActiveCfg = Release|Any CPU
		{40E6A87E-FB97-46C4-8A35-CF0BED50CDF3}.Release|Any CPU.Build.0 = Release|Any CPU
		{A8D3EF47-7FBA-48D9-A07C-9173AC205FAD}.Debug|Any CPU.ActiveCfg = Debug|Any CPU
		{A8D3EF47-7FBA-48D9-A07C-9173AC205FAD}.Debug|Any CPU.Build.0 = Debug|Any CPU
		{A8D3EF47-7FBA-48D9-A07C-9173AC205FAD}.Release|Any CPU.ActiveCfg = Release|Any CPU
		{A8D3EF47-7FBA-48D9-A07C-9173AC205FAD}.Release|Any CPU.Build.0 = Release|Any CPU
		{A436480C-B9CC-441D-9EAF-D944C08BC09F}.Debug|Any CPU.ActiveCfg = Debug|Any CPU
		{A436480C-B9CC-441D-9EAF-D944C08BC09F}.Debug|Any CPU.Build.0 = Debug|Any CPU
		{A436480C-B9CC-441D-9EAF-D944C08BC09F}.Release|Any CPU.ActiveCfg = Release|Any CPU
		{A436480C-B9CC-441D-9EAF-D944C08BC09F}.Release|Any CPU.Build.0 = Release|Any CPU
		{D581579F-884C-47A0-9EA0-043FB8209BC8}.Debug|Any CPU.ActiveCfg = Debug|Any CPU
		{D581579F-884C-47A0-9EA0-043FB8209BC8}.Debug|Any CPU.Build.0 = Debug|Any CPU
		{D581579F-884C-47A0-9EA0-043FB8209BC8}.Release|Any CPU.ActiveCfg = Release|Any CPU
		{D581579F-884C-47A0-9EA0-043FB8209BC8}.Release|Any CPU.Build.0 = Release|Any CPU
		{77F73503-16D0-4771-8564-640A0619F150}.Debug|Any CPU.ActiveCfg = Debug|Any CPU
		{77F73503-16D0-4771-8564-640A0619F150}.Debug|Any CPU.Build.0 = Debug|Any CPU
		{77F73503-16D0-4771-8564-640A0619F150}.Release|Any CPU.ActiveCfg = Release|Any CPU
		{77F73503-16D0-4771-8564-640A0619F150}.Release|Any CPU.Build.0 = Release|Any CPU
		{BE547581-3CCE-4F8C-BD67-F148EFE7953C}.Debug|Any CPU.ActiveCfg = Debug|Any CPU
		{BE547581-3CCE-4F8C-BD67-F148EFE7953C}.Debug|Any CPU.Build.0 = Debug|Any CPU
		{BE547581-3CCE-4F8C-BD67-F148EFE7953C}.Release|Any CPU.ActiveCfg = Release|Any CPU
		{BE547581-3CCE-4F8C-BD67-F148EFE7953C}.Release|Any CPU.Build.0 = Release|Any CPU
		{A003FD11-5E55-4F1B-8A42-2FFC26AE1252}.Debug|Any CPU.ActiveCfg = Debug|Any CPU
		{A003FD11-5E55-4F1B-8A42-2FFC26AE1252}.Debug|Any CPU.Build.0 = Debug|Any CPU
		{A003FD11-5E55-4F1B-8A42-2FFC26AE1252}.Release|Any CPU.ActiveCfg = Release|Any CPU
		{A003FD11-5E55-4F1B-8A42-2FFC26AE1252}.Release|Any CPU.Build.0 = Release|Any CPU
		{37ED709C-12B3-4880-9F0A-5704C9CC7223}.Debug|Any CPU.ActiveCfg = Debug|Any CPU
		{37ED709C-12B3-4880-9F0A-5704C9CC7223}.Debug|Any CPU.Build.0 = Debug|Any CPU
		{37ED709C-12B3-4880-9F0A-5704C9CC7223}.Release|Any CPU.ActiveCfg = Release|Any CPU
		{37ED709C-12B3-4880-9F0A-5704C9CC7223}.Release|Any CPU.Build.0 = Release|Any CPU
		{0AD43565-3A02-4FE1-A0CC-54B88DDB6B66}.Debug|Any CPU.ActiveCfg = Debug|Any CPU
		{0AD43565-3A02-4FE1-A0CC-54B88DDB6B66}.Debug|Any CPU.Build.0 = Debug|Any CPU
		{0AD43565-3A02-4FE1-A0CC-54B88DDB6B66}.Release|Any CPU.ActiveCfg = Release|Any CPU
		{0AD43565-3A02-4FE1-A0CC-54B88DDB6B66}.Release|Any CPU.Build.0 = Release|Any CPU
		{E4BA5995-E94A-416A-B82A-BB1C4AB2F2E0}.Debug|Any CPU.ActiveCfg = Debug|Any CPU
		{E4BA5995-E94A-416A-B82A-BB1C4AB2F2E0}.Debug|Any CPU.Build.0 = Debug|Any CPU
		{E4BA5995-E94A-416A-B82A-BB1C4AB2F2E0}.Release|Any CPU.ActiveCfg = Release|Any CPU
		{E4BA5995-E94A-416A-B82A-BB1C4AB2F2E0}.Release|Any CPU.Build.0 = Release|Any CPU
		{525F5FBD-30CA-4617-B614-91EC6089E60B}.Debug|Any CPU.ActiveCfg = Debug|Any CPU
		{525F5FBD-30CA-4617-B614-91EC6089E60B}.Debug|Any CPU.Build.0 = Debug|Any CPU
		{525F5FBD-30CA-4617-B614-91EC6089E60B}.Release|Any CPU.ActiveCfg = Release|Any CPU
		{525F5FBD-30CA-4617-B614-91EC6089E60B}.Release|Any CPU.Build.0 = Release|Any CPU
		{03545A32-70E9-4453-AAAC-C25AF8BBF86B}.Debug|Any CPU.ActiveCfg = Debug|Any CPU
		{03545A32-70E9-4453-AAAC-C25AF8BBF86B}.Debug|Any CPU.Build.0 = Debug|Any CPU
		{03545A32-70E9-4453-AAAC-C25AF8BBF86B}.Release|Any CPU.ActiveCfg = Release|Any CPU
		{03545A32-70E9-4453-AAAC-C25AF8BBF86B}.Release|Any CPU.Build.0 = Release|Any CPU
	EndGlobalSection
	GlobalSection(SolutionProperties) = preSolution
		HideSolutionNode = FALSE
	EndGlobalSection
	GlobalSection(NestedProjects) = preSolution
		{82F40CAE-020C-473B-8FCE-A8F1AC97FA03} = {937A33A0-1EAB-4BD3-B0C1-D0F43369CE3C}
		{12F1ABC5-CCC8-418F-9783-D9E4E8B47B00} = {937A33A0-1EAB-4BD3-B0C1-D0F43369CE3C}
		{35274730-6DE4-418F-95FA-6D0897E39034} = {82F40CAE-020C-473B-8FCE-A8F1AC97FA03}
		{8B42D4E6-316B-4B57-8096-7A27FA926F6B} = {12F1ABC5-CCC8-418F-9783-D9E4E8B47B00}
		{CE43B356-A87A-45FE-A81F-4D4146B6E7AA} = {CB5A38F0-4881-426B-9094-88F1A5D3D996}
		{69E3F61B-D869-4FF0-A005-6E8B2F5FCDFC} = {CE43B356-A87A-45FE-A81F-4D4146B6E7AA}
		{8E7FF465-2F14-4D70-BB1B-8A276025E32B} = {69E3F61B-D869-4FF0-A005-6E8B2F5FCDFC}
		{39B83734-AFE5-4F7B-BA66-CFD1C2574CD7} = {82F40CAE-020C-473B-8FCE-A8F1AC97FA03}
		{A5F13B89-91C5-4E8A-881F-37ACA27A6A4D} = {82F40CAE-020C-473B-8FCE-A8F1AC97FA03}
		{40E6A87E-FB97-46C4-8A35-CF0BED50CDF3} = {140977B1-9BF4-49AB-9172-93570E38038B}
		{A8D3EF47-7FBA-48D9-A07C-9173AC205FAD} = {BB93A63C-70D2-47AE-A291-74A334C4EA33}
		{A436480C-B9CC-441D-9EAF-D944C08BC09F} = {BB93A63C-70D2-47AE-A291-74A334C4EA33}
		{D581579F-884C-47A0-9EA0-043FB8209BC8} = {BB93A63C-70D2-47AE-A291-74A334C4EA33}
		{77F73503-16D0-4771-8564-640A0619F150} = {BB93A63C-70D2-47AE-A291-74A334C4EA33}
		{BE547581-3CCE-4F8C-BD67-F148EFE7953C} = {BB93A63C-70D2-47AE-A291-74A334C4EA33}
		{A003FD11-5E55-4F1B-8A42-2FFC26AE1252} = {BB93A63C-70D2-47AE-A291-74A334C4EA33}
		{37ED709C-12B3-4880-9F0A-5704C9CC7223} = {BB93A63C-70D2-47AE-A291-74A334C4EA33}
		{0AD43565-3A02-4FE1-A0CC-54B88DDB6B66} = {69E3F61B-D869-4FF0-A005-6E8B2F5FCDFC}
		{E4BA5995-E94A-416A-B82A-BB1C4AB2F2E0} = {82F40CAE-020C-473B-8FCE-A8F1AC97FA03}
		{525F5FBD-30CA-4617-B614-91EC6089E60B} = {BB93A63C-70D2-47AE-A291-74A334C4EA33}
		{03545A32-70E9-4453-AAAC-C25AF8BBF86B} = {BB93A63C-70D2-47AE-A291-74A334C4EA33}
	EndGlobalSection
EndGlobal
