
Microsoft Visual Studio Solution File, Format Version 12.00
# Visual Studio 14
VisualStudioVersion = 14.0.25420.1
MinimumVisualStudioVersion = 10.0.40219.1
Project("{2150E333-8FDC-42A3-9474-1A3956D46DE8}") = "Solution Items", "Solution Items", "{E2072E30-7347-44E0-8374-3CB35393C65D}"
	ProjectSection(SolutionItems) = preProject
		global.json = global.json
	EndProjectSection
EndProject
Project("{2150E333-8FDC-42A3-9474-1A3956D46DE8}") = "BoudingContexts", "BoudingContexts", "{937A33A0-1EAB-4BD3-B0C1-D0F43369CE3C}"
EndProject
Project("{2150E333-8FDC-42A3-9474-1A3956D46DE8}") = "Shared", "Shared", "{BB93A63C-70D2-47AE-A291-74A334C4EA33}"
EndProject
Project("{2150E333-8FDC-42A3-9474-1A3956D46DE8}") = "Authentication", "Authentication", "{82F40CAE-020C-473B-8FCE-A8F1AC97FA03}"
EndProject
Project("{2150E333-8FDC-42A3-9474-1A3956D46DE8}") = "HttpGateway", "HttpGateway", "{12F1ABC5-CCC8-418F-9783-D9E4E8B47B00}"
EndProject
Project("{8BB2217D-0F2D-49D1-97BC-3654ED321F3B}") = "AuthenticationApp", "Microservices\Authentication\AuthenticationApp\AuthenticationApp.xproj", "{35274730-6DE4-418F-95FA-6D0897E39034}"
EndProject
Project("{8BB2217D-0F2D-49D1-97BC-3654ED321F3B}") = "AuthenticationContrancts", "Microservices\Authentication\AuthenticationContrancts\AuthenticationContrancts.xproj", "{3C1AB52A-B524-4ABC-B7D6-A3B8FD619CDD}"
EndProject
Project("{8BB2217D-0F2D-49D1-97BC-3654ED321F3B}") = "HttpGatewayApp", "Microservices\HttpGateway\HttpGatewayApp\HttpGatewayApp.xproj", "{8B42D4E6-316B-4B57-8096-7A27FA926F6B}"
EndProject
Project("{8BB2217D-0F2D-49D1-97BC-3654ED321F3B}") = "Configuration", "Shared\Configuration\Configuration.xproj", "{A8D3EF47-7FBA-48D9-A07C-9173AC205FAD}"
EndProject
Project("{8BB2217D-0F2D-49D1-97BC-3654ED321F3B}") = "Logging", "Shared\Logging\Logging.xproj", "{D581579F-884C-47A0-9EA0-043FB8209BC8}"
EndProject
Project("{8BB2217D-0F2D-49D1-97BC-3654ED321F3B}") = "Mongo", "Shared\Mongo\Mongo.xproj", "{BE547581-3CCE-4F8C-BD67-F148EFE7953C}"
EndProject
Project("{8BB2217D-0F2D-49D1-97BC-3654ED321F3B}") = "Rest", "Shared\Rest\Rest.xproj", "{A003FD11-5E55-4F1B-8A42-2FFC26AE1252}"
EndProject
Project("{8BB2217D-0F2D-49D1-97BC-3654ED321F3B}") = "Timing", "Shared\Timing\Timing.xproj", "{37ED709C-12B3-4880-9F0A-5704C9CC7223}"
EndProject
Project("{8BB2217D-0F2D-49D1-97BC-3654ED321F3B}") = "Microservice", "Shared\Microservice\Microservice.xproj", "{77F73503-16D0-4771-8564-640A0619F150}"
EndProject
Global
	GlobalSection(SolutionConfigurationPlatforms) = preSolution
		Debug|Any CPU = Debug|Any CPU
		Release|Any CPU = Release|Any CPU
	EndGlobalSection
	GlobalSection(ProjectConfigurationPlatforms) = postSolution
		{35274730-6DE4-418F-95FA-6D0897E39034}.Debug|Any CPU.ActiveCfg = Debug|Any CPU
		{35274730-6DE4-418F-95FA-6D0897E39034}.Debug|Any CPU.Build.0 = Debug|Any CPU
		{35274730-6DE4-418F-95FA-6D0897E39034}.Release|Any CPU.ActiveCfg = Release|Any CPU
		{35274730-6DE4-418F-95FA-6D0897E39034}.Release|Any CPU.Build.0 = Release|Any CPU
		{3C1AB52A-B524-4ABC-B7D6-A3B8FD619CDD}.Debug|Any CPU.ActiveCfg = Debug|Any CPU
		{3C1AB52A-B524-4ABC-B7D6-A3B8FD619CDD}.Debug|Any CPU.Build.0 = Debug|Any CPU
		{3C1AB52A-B524-4ABC-B7D6-A3B8FD619CDD}.Release|Any CPU.ActiveCfg = Release|Any CPU
		{3C1AB52A-B524-4ABC-B7D6-A3B8FD619CDD}.Release|Any CPU.Build.0 = Release|Any CPU
		{8B42D4E6-316B-4B57-8096-7A27FA926F6B}.Debug|Any CPU.ActiveCfg = Debug|Any CPU
		{8B42D4E6-316B-4B57-8096-7A27FA926F6B}.Debug|Any CPU.Build.0 = Debug|Any CPU
		{8B42D4E6-316B-4B57-8096-7A27FA926F6B}.Release|Any CPU.ActiveCfg = Release|Any CPU
		{8B42D4E6-316B-4B57-8096-7A27FA926F6B}.Release|Any CPU.Build.0 = Release|Any CPU
		{A8D3EF47-7FBA-48D9-A07C-9173AC205FAD}.Debug|Any CPU.ActiveCfg = Debug|Any CPU
		{A8D3EF47-7FBA-48D9-A07C-9173AC205FAD}.Debug|Any CPU.Build.0 = Debug|Any CPU
		{A8D3EF47-7FBA-48D9-A07C-9173AC205FAD}.Release|Any CPU.ActiveCfg = Release|Any CPU
		{A8D3EF47-7FBA-48D9-A07C-9173AC205FAD}.Release|Any CPU.Build.0 = Release|Any CPU
		{D581579F-884C-47A0-9EA0-043FB8209BC8}.Debug|Any CPU.ActiveCfg = Debug|Any CPU
		{D581579F-884C-47A0-9EA0-043FB8209BC8}.Debug|Any CPU.Build.0 = Debug|Any CPU
		{D581579F-884C-47A0-9EA0-043FB8209BC8}.Release|Any CPU.ActiveCfg = Release|Any CPU
		{D581579F-884C-47A0-9EA0-043FB8209BC8}.Release|Any CPU.Build.0 = Release|Any CPU
		{BE547581-3CCE-4F8C-BD67-F148EFE7953C}.Debug|Any CPU.ActiveCfg = Debug|Any CPU
		{BE547581-3CCE-4F8C-BD67-F148EFE7953C}.Debug|Any CPU.Build.0 = Debug|Any CPU
		{BE547581-3CCE-4F8C-BD67-F148EFE7953C}.Release|Any CPU.ActiveCfg = Release|Any CPU
		{BE547581-3CCE-4F8C-BD67-F148EFE7953C}.Release|Any CPU.Build.0 = Release|Any CPU
		{A003FD11-5E55-4F1B-8A42-2FFC26AE1252}.Debug|Any CPU.ActiveCfg = Debug|Any CPU
		{A003FD11-5E55-4F1B-8A42-2FFC26AE1252}.Debug|Any CPU.Build.0 = Debug|Any CPU
		{A003FD11-5E55-4F1B-8A42-2FFC26AE1252}.Release|Any CPU.ActiveCfg = Release|Any CPU
		{A003FD11-5E55-4F1B-8A42-2FFC26AE1252}.Release|Any CPU.Build.0 = Release|Any CPU
		{37ED709C-12B3-4880-9F0A-5704C9CC7223}.Debug|Any CPU.ActiveCfg = Debug|Any CPU
		{37ED709C-12B3-4880-9F0A-5704C9CC7223}.Debug|Any CPU.Build.0 = Debug|Any CPU
		{37ED709C-12B3-4880-9F0A-5704C9CC7223}.Release|Any CPU.ActiveCfg = Release|Any CPU
		{37ED709C-12B3-4880-9F0A-5704C9CC7223}.Release|Any CPU.Build.0 = Release|Any CPU
		{77F73503-16D0-4771-8564-640A0619F150}.Debug|Any CPU.ActiveCfg = Debug|Any CPU
		{77F73503-16D0-4771-8564-640A0619F150}.Debug|Any CPU.Build.0 = Debug|Any CPU
		{77F73503-16D0-4771-8564-640A0619F150}.Release|Any CPU.ActiveCfg = Release|Any CPU
		{77F73503-16D0-4771-8564-640A0619F150}.Release|Any CPU.Build.0 = Release|Any CPU
	EndGlobalSection
	GlobalSection(SolutionProperties) = preSolution
		HideSolutionNode = FALSE
	EndGlobalSection
	GlobalSection(NestedProjects) = preSolution
		{937A33A0-1EAB-4BD3-B0C1-D0F43369CE3C} = {225BDD52-38EC-46A8-B621-DD76368B55DB}
		{BB93A63C-70D2-47AE-A291-74A334C4EA33} = {225BDD52-38EC-46A8-B621-DD76368B55DB}
		{82F40CAE-020C-473B-8FCE-A8F1AC97FA03} = {937A33A0-1EAB-4BD3-B0C1-D0F43369CE3C}
		{12F1ABC5-CCC8-418F-9783-D9E4E8B47B00} = {937A33A0-1EAB-4BD3-B0C1-D0F43369CE3C}
		{35274730-6DE4-418F-95FA-6D0897E39034} = {82F40CAE-020C-473B-8FCE-A8F1AC97FA03}
		{3C1AB52A-B524-4ABC-B7D6-A3B8FD619CDD} = {82F40CAE-020C-473B-8FCE-A8F1AC97FA03}
		{8B42D4E6-316B-4B57-8096-7A27FA926F6B} = {12F1ABC5-CCC8-418F-9783-D9E4E8B47B00}
		{A8D3EF47-7FBA-48D9-A07C-9173AC205FAD} = {BB93A63C-70D2-47AE-A291-74A334C4EA33}
		{D581579F-884C-47A0-9EA0-043FB8209BC8} = {BB93A63C-70D2-47AE-A291-74A334C4EA33}
		{BE547581-3CCE-4F8C-BD67-F148EFE7953C} = {BB93A63C-70D2-47AE-A291-74A334C4EA33}
		{A003FD11-5E55-4F1B-8A42-2FFC26AE1252} = {BB93A63C-70D2-47AE-A291-74A334C4EA33}
		{37ED709C-12B3-4880-9F0A-5704C9CC7223} = {BB93A63C-70D2-47AE-A291-74A334C4EA33}
		{77F73503-16D0-4771-8564-640A0619F150} = {BB93A63C-70D2-47AE-A291-74A334C4EA33}
	EndGlobalSection
EndGlobal
